
Microsoft Visual Studio Solution File, Format Version 12.00
# Visual Studio Version 16
VisualStudioVersion = 16.0.31321.278
MinimumVisualStudioVersion = 10.0.40219.1
Project("{FAE04EC0-301F-11D3-BF4B-00C04F79EFBC}") = "citasm", "citasm\citasm.csproj", "{7904EDA9-0227-4302-BD0C-52F3D5CECEC2}"
EndProject
Global
	GlobalSection(SolutionConfigurationPlatforms) = preSolution
		Debug|Any CPU = Debug|Any CPU
		Release|Any CPU = Release|Any CPU
	EndGlobalSection
	GlobalSection(ProjectConfigurationPlatforms) = postSolution
		{7904EDA9-0227-4302-BD0C-52F3D5CECEC2}.Debug|Any CPU.ActiveCfg = Debug|Any CPU
		{7904EDA9-0227-4302-BD0C-52F3D5CECEC2}.Debug|Any CPU.Build.0 = Debug|Any CPU
		{7904EDA9-0227-4302-BD0C-52F3D5CECEC2}.Release|Any CPU.ActiveCfg = Release|Any CPU
		{7904EDA9-0227-4302-BD0C-52F3D5CECEC2}.Release|Any CPU.Build.0 = Release|Any CPU
	EndGlobalSection
	GlobalSection(SolutionProperties) = preSolution
		HideSolutionNode = FALSE
	EndGlobalSection
	GlobalSection(ExtensibilityGlobals) = postSolution
		SolutionGuid = {FB58B4A7-F8BB-467A-9340-84A6862FFA7B}
	EndGlobalSection
EndGlobal
